
Microsoft Visual Studio Solution File, Format Version 12.00
# Visual Studio Version 17
VisualStudioVersion = 17.10.34916.146
MinimumVisualStudioVersion = 10.0.40219.1
Project("{9A19103F-16F7-4668-BE54-9A1E7A4F7556}") = "MyApplication", "MyApplication.csproj", "{5E4DDD99-1E64-4183-9F7F-5AC7A5571F8E}"
EndProject
Project("{9A19103F-16F7-4668-BE54-9A1E7A4F7556}") = "Backend", "..\Backend_BusinessAppSharpBuilder\Backend.csproj", "{8D6C1A96-8EBA-4EBD-9617-8E9832383DFD}"
EndProject
Project("{9A19103F-16F7-4668-BE54-9A1E7A4F7556}") = "FrontEnd", "..\DesktopBusinessAppSharpBuilder\FrontEnd.csproj", "{6E5E78A7-B327-417C-9381-9EDDADC76DE0}"
EndProject
Global
	GlobalSection(SolutionConfigurationPlatforms) = preSolution
		Debug|Any CPU = Debug|Any CPU
		Release|Any CPU = Release|Any CPU
	EndGlobalSection
	GlobalSection(ProjectConfigurationPlatforms) = postSolution
		{5E4DDD99-1E64-4183-9F7F-5AC7A5571F8E}.Debug|Any CPU.ActiveCfg = Debug|Any CPU
		{5E4DDD99-1E64-4183-9F7F-5AC7A5571F8E}.Debug|Any CPU.Build.0 = Debug|Any CPU
		{5E4DDD99-1E64-4183-9F7F-5AC7A5571F8E}.Release|Any CPU.ActiveCfg = Release|Any CPU
		{5E4DDD99-1E64-4183-9F7F-5AC7A5571F8E}.Release|Any CPU.Build.0 = Release|Any CPU
		{8D6C1A96-8EBA-4EBD-9617-8E9832383DFD}.Debug|Any CPU.ActiveCfg = Debug|Any CPU
		{8D6C1A96-8EBA-4EBD-9617-8E9832383DFD}.Debug|Any CPU.Build.0 = Debug|Any CPU
		{8D6C1A96-8EBA-4EBD-9617-8E9832383DFD}.Release|Any CPU.ActiveCfg = Release|Any CPU
		{8D6C1A96-8EBA-4EBD-9617-8E9832383DFD}.Release|Any CPU.Build.0 = Release|Any CPU
		{6E5E78A7-B327-417C-9381-9EDDADC76DE0}.Debug|Any CPU.ActiveCfg = Debug|Any CPU
		{6E5E78A7-B327-417C-9381-9EDDADC76DE0}.Debug|Any CPU.Build.0 = Debug|Any CPU
		{6E5E78A7-B327-417C-9381-9EDDADC76DE0}.Release|Any CPU.ActiveCfg = Release|Any CPU
		{6E5E78A7-B327-417C-9381-9EDDADC76DE0}.Release|Any CPU.Build.0 = Release|Any CPU
	EndGlobalSection
	GlobalSection(SolutionProperties) = preSolution
		HideSolutionNode = FALSE
	EndGlobalSection
	GlobalSection(ExtensibilityGlobals) = postSolution
		SolutionGuid = {5DD2ECB4-EED5-41A9-B366-EA09948103AF}
	EndGlobalSection
EndGlobal
